// !$*UTF8*$!
{
	archiveVersion = 1;
	classes = {
	};
	objectVersion = 60;
	objects = {

/* Begin PBXBuildFile section */
		2D2BAE722C580DF3005E9DAE /* Point.cpp in Sources */ = {isa = PBXBuildFile; fileRef = 2D2BAE712C580DF3005E9DAE /* Point.cpp */; };
		2D2BAE732C580DF3005E9DAE /* Flight.cpp in Sources */ = {isa = PBXBuildFile; fileRef = 2D2BAE6A2C580DF3005E9DAE /* Flight.cpp */; };
		2D2BAE742C580DF3005E9DAE /* HashTable_tester.cpp in Sources */ = {isa = PBXBuildFile; fileRef = 2D2BAE6C2C580DF3005E9DAE /* HashTable_tester.cpp */; };
		2D2BAE752C580DF3005E9DAE /* List.cpp in Sources */ = {isa = PBXBuildFile; fileRef = 2D2BAE6F2C580DF3005E9DAE /* List.cpp */; };
		2DA1EC5F2C586B6E008CA8AD /* HashTable.cpp in Sources */ = {isa = PBXBuildFile; fileRef = 2DA1EC5E2C586B6E008CA8AD /* HashTable.cpp */; };
		2DA1EC6E2C5ABA25008CA8AD /* AVL_tree_tester.cpp in Sources */ = {isa = PBXBuildFile; fileRef = 2DA1EC6D2C5ABA25008CA8AD /* AVL_tree_tester.cpp */; };
		2DA1EC6F2C5ABA25008CA8AD /* AVL_tree.cpp in Sources */ = {isa = PBXBuildFile; fileRef = 2DA1EC6C2C5ABA25008CA8AD /* AVL_tree.cpp */; };
		2DA1EC7F2C5C80F0008CA8AD /* graph.cpp in Sources */ = {isa = PBXBuildFile; fileRef = 2DA1EC7C2C5C80F0008CA8AD /* graph.cpp */; };
		2DA1EC802C5C80F0008CA8AD /* graph_tester.cpp in Sources */ = {isa = PBXBuildFile; fileRef = 2DA1EC7E2C5C80F0008CA8AD /* graph_tester.cpp */; };
/* End PBXBuildFile section */

/* Begin PBXCopyFilesBuildPhase section */
		2D2BAE522C580D64005E9DAE /* CopyFiles */ = {
			isa = PBXCopyFilesBuildPhase;
			buildActionMask = 2147483647;
			dstPath = /usr/share/man/man1/;
			dstSubfolderSpec = 0;
			files = (
			);
			runOnlyForDeploymentPostprocessing = 1;
		};
		2D2BAE602C580D8A005E9DAE /* CopyFiles */ = {
			isa = PBXCopyFilesBuildPhase;
			buildActionMask = 2147483647;
			dstPath = /usr/share/man/man1/;
			dstSubfolderSpec = 0;
			files = (
			);
			runOnlyForDeploymentPostprocessing = 1;
		};
		2DA1EC622C5AB9DE008CA8AD /* CopyFiles */ = {
			isa = PBXCopyFilesBuildPhase;
			buildActionMask = 2147483647;
			dstPath = /usr/share/man/man1/;
			dstSubfolderSpec = 0;
			files = (
			);
			runOnlyForDeploymentPostprocessing = 1;
		};
		2DA1EC722C5C80C4008CA8AD /* CopyFiles */ = {
			isa = PBXCopyFilesBuildPhase;
			buildActionMask = 2147483647;
			dstPath = /usr/share/man/man1/;
			dstSubfolderSpec = 0;
			files = (
			);
			runOnlyForDeploymentPostprocessing = 1;
		};
/* End PBXCopyFilesBuildPhase section */

/* Begin PBXFileReference section */
		2D2BAE542C580D64005E9DAE /* ENSF-694Lab5 */ = {isa = PBXFileReference; explicitFileType = "compiled.mach-o.executable"; includeInIndex = 0; path = "ENSF-694Lab5"; sourceTree = BUILT_PRODUCTS_DIR; };
		2D2BAE622C580D8A005E9DAE /* ExerciseA */ = {isa = PBXFileReference; explicitFileType = "compiled.mach-o.executable"; includeInIndex = 0; path = ExerciseA; sourceTree = BUILT_PRODUCTS_DIR; };
		2D2BAE692C580DF3005E9DAE /* Flight.h */ = {isa = PBXFileReference; lastKnownFileType = sourcecode.c.h; path = Flight.h; sourceTree = "<group>"; };
		2D2BAE6A2C580DF3005E9DAE /* Flight.cpp */ = {isa = PBXFileReference; lastKnownFileType = sourcecode.cpp.cpp; path = Flight.cpp; sourceTree = "<group>"; };
		2D2BAE6B2C580DF3005E9DAE /* HashTable.h */ = {isa = PBXFileReference; lastKnownFileType = sourcecode.c.h; path = HashTable.h; sourceTree = "<group>"; };
		2D2BAE6C2C580DF3005E9DAE /* HashTable_tester.cpp */ = {isa = PBXFileReference; lastKnownFileType = sourcecode.cpp.cpp; path = HashTable_tester.cpp; sourceTree = "<group>"; };
		2D2BAE6D2C580DF3005E9DAE /* input.txt */ = {isa = PBXFileReference; lastKnownFileType = text; path = input.txt; sourceTree = "<group>"; };
		2D2BAE6E2C580DF3005E9DAE /* List.h */ = {isa = PBXFileReference; lastKnownFileType = sourcecode.c.h; path = List.h; sourceTree = "<group>"; };
		2D2BAE6F2C580DF3005E9DAE /* List.cpp */ = {isa = PBXFileReference; lastKnownFileType = sourcecode.cpp.cpp; path = List.cpp; sourceTree = "<group>"; };
		2D2BAE702C580DF3005E9DAE /* Node.h */ = {isa = PBXFileReference; lastKnownFileType = sourcecode.c.h; path = Node.h; sourceTree = "<group>"; };
		2D2BAE712C580DF3005E9DAE /* Point.cpp */ = {isa = PBXFileReference; lastKnownFileType = sourcecode.cpp.cpp; path = Point.cpp; sourceTree = "<group>"; };
		2D2BAE762C580DFD005E9DAE /* Point.h */ = {isa = PBXFileReference; lastKnownFileType = sourcecode.c.h; path = Point.h; sourceTree = "<group>"; };
		2DA1EC5E2C586B6E008CA8AD /* HashTable.cpp */ = {isa = PBXFileReference; lastKnownFileType = sourcecode.cpp.cpp; path = HashTable.cpp; sourceTree = "<group>"; };
		2DA1EC642C5AB9DE008CA8AD /* ExerciseB */ = {isa = PBXFileReference; explicitFileType = "compiled.mach-o.executable"; includeInIndex = 0; path = ExerciseB; sourceTree = BUILT_PRODUCTS_DIR; };
		2DA1EC6B2C5ABA25008CA8AD /* AVL_tree.h */ = {isa = PBXFileReference; lastKnownFileType = sourcecode.c.h; path = AVL_tree.h; sourceTree = "<group>"; };
		2DA1EC6C2C5ABA25008CA8AD /* AVL_tree.cpp */ = {isa = PBXFileReference; lastKnownFileType = sourcecode.cpp.cpp; path = AVL_tree.cpp; sourceTree = "<group>"; };
		2DA1EC6D2C5ABA25008CA8AD /* AVL_tree_tester.cpp */ = {isa = PBXFileReference; lastKnownFileType = sourcecode.cpp.cpp; path = AVL_tree_tester.cpp; sourceTree = "<group>"; };
		2DA1EC742C5C80C4008CA8AD /* ExerciseC */ = {isa = PBXFileReference; explicitFileType = "compiled.mach-o.executable"; includeInIndex = 0; path = ExerciseC; sourceTree = BUILT_PRODUCTS_DIR; };
		2DA1EC7B2C5C80F0008CA8AD /* graph.h */ = {isa = PBXFileReference; lastKnownFileType = sourcecode.c.h; path = graph.h; sourceTree = "<group>"; };
		2DA1EC7C2C5C80F0008CA8AD /* graph.cpp */ = {isa = PBXFileReference; lastKnownFileType = sourcecode.cpp.cpp; path = graph.cpp; sourceTree = "<group>"; };
		2DA1EC7D2C5C80F0008CA8AD /* graph.txt */ = {isa = PBXFileReference; lastKnownFileType = text; path = graph.txt; sourceTree = "<group>"; };
		2DA1EC7E2C5C80F0008CA8AD /* graph_tester.cpp */ = {isa = PBXFileReference; lastKnownFileType = sourcecode.cpp.cpp; path = graph_tester.cpp; sourceTree = "<group>"; };
/* End PBXFileReference section */

/* Begin PBXFrameworksBuildPhase section */
		2D2BAE512C580D64005E9DAE /* Frameworks */ = {
			isa = PBXFrameworksBuildPhase;
			buildActionMask = 2147483647;
			files = (
			);
			runOnlyForDeploymentPostprocessing = 0;
		};
		2D2BAE5F2C580D8A005E9DAE /* Frameworks */ = {
			isa = PBXFrameworksBuildPhase;
			buildActionMask = 2147483647;
			files = (
			);
			runOnlyForDeploymentPostprocessing = 0;
		};
		2DA1EC612C5AB9DE008CA8AD /* Frameworks */ = {
			isa = PBXFrameworksBuildPhase;
			buildActionMask = 2147483647;
			files = (
			);
			runOnlyForDeploymentPostprocessing = 0;
		};
		2DA1EC712C5C80C4008CA8AD /* Frameworks */ = {
			isa = PBXFrameworksBuildPhase;
			buildActionMask = 2147483647;
			files = (
			);
			runOnlyForDeploymentPostprocessing = 0;
		};
/* End PBXFrameworksBuildPhase section */

/* Begin PBXGroup section */
		2D2BAE4B2C580D64005E9DAE = {
			isa = PBXGroup;
			children = (
				2D2BAE632C580D8A005E9DAE /* ExerciseA */,
				2DA1EC652C5AB9DE008CA8AD /* ExerciseB */,
				2DA1EC752C5C80C4008CA8AD /* ExerciseC */,
				2D2BAE552C580D64005E9DAE /* Products */,
			);
			sourceTree = "<group>";
		};
		2D2BAE552C580D64005E9DAE /* Products */ = {
			isa = PBXGroup;
			children = (
				2D2BAE542C580D64005E9DAE /* ENSF-694Lab5 */,
				2D2BAE622C580D8A005E9DAE /* ExerciseA */,
				2DA1EC642C5AB9DE008CA8AD /* ExerciseB */,
				2DA1EC742C5C80C4008CA8AD /* ExerciseC */,
			);
			name = Products;
			sourceTree = "<group>";
		};
		2D2BAE632C580D8A005E9DAE /* ExerciseA */ = {
			isa = PBXGroup;
			children = (
				2D2BAE692C580DF3005E9DAE /* Flight.h */,
				2D2BAE6A2C580DF3005E9DAE /* Flight.cpp */,
				2D2BAE6B2C580DF3005E9DAE /* HashTable.h */,
				2D2BAE6C2C580DF3005E9DAE /* HashTable_tester.cpp */,
				2D2BAE6D2C580DF3005E9DAE /* input.txt */,
				2D2BAE6E2C580DF3005E9DAE /* List.h */,
				2D2BAE6F2C580DF3005E9DAE /* List.cpp */,
				2D2BAE702C580DF3005E9DAE /* Node.h */,
				2D2BAE712C580DF3005E9DAE /* Point.cpp */,
				2D2BAE762C580DFD005E9DAE /* Point.h */,
				2DA1EC5E2C586B6E008CA8AD /* HashTable.cpp */,
			);
			path = ExerciseA;
			sourceTree = "<group>";
		};
		2DA1EC652C5AB9DE008CA8AD /* ExerciseB */ = {
			isa = PBXGroup;
			children = (
				2DA1EC6B2C5ABA25008CA8AD /* AVL_tree.h */,
				2DA1EC6C2C5ABA25008CA8AD /* AVL_tree.cpp */,
				2DA1EC6D2C5ABA25008CA8AD /* AVL_tree_tester.cpp */,
			);
			path = ExerciseB;
			sourceTree = "<group>";
		};
		2DA1EC752C5C80C4008CA8AD /* ExerciseC */ = {
			isa = PBXGroup;
			children = (
				2DA1EC7B2C5C80F0008CA8AD /* graph.h */,
				2DA1EC7C2C5C80F0008CA8AD /* graph.cpp */,
				2DA1EC7D2C5C80F0008CA8AD /* graph.txt */,
				2DA1EC7E2C5C80F0008CA8AD /* graph_tester.cpp */,
			);
			path = ExerciseC;
			sourceTree = "<group>";
		};
/* End PBXGroup section */

/* Begin PBXNativeTarget section */
		2D2BAE532C580D64005E9DAE /* ENSF-694Lab5 */ = {
			isa = PBXNativeTarget;
			buildConfigurationList = 2D2BAE5B2C580D64005E9DAE /* Build configuration list for PBXNativeTarget "ENSF-694Lab5" */;
			buildPhases = (
				2D2BAE502C580D64005E9DAE /* Sources */,
				2D2BAE512C580D64005E9DAE /* Frameworks */,
				2D2BAE522C580D64005E9DAE /* CopyFiles */,
			);
			buildRules = (
			);
			dependencies = (
			);
			name = "ENSF-694Lab5";
			productName = "ENSF-694Lab5";
			productReference = 2D2BAE542C580D64005E9DAE /* ENSF-694Lab5 */;
			productType = "com.apple.product-type.tool";
		};
		2D2BAE612C580D8A005E9DAE /* ExerciseA */ = {
			isa = PBXNativeTarget;
			buildConfigurationList = 2D2BAE662C580D8A005E9DAE /* Build configuration list for PBXNativeTarget "ExerciseA" */;
			buildPhases = (
				2D2BAE5E2C580D8A005E9DAE /* Sources */,
				2D2BAE5F2C580D8A005E9DAE /* Frameworks */,
				2D2BAE602C580D8A005E9DAE /* CopyFiles */,
			);
			buildRules = (
			);
			dependencies = (
			);
			name = ExerciseA;
			productName = ExerciseA;
			productReference = 2D2BAE622C580D8A005E9DAE /* ExerciseA */;
			productType = "com.apple.product-type.tool";
		};
		2DA1EC632C5AB9DE008CA8AD /* ExerciseB */ = {
			isa = PBXNativeTarget;
			buildConfigurationList = 2DA1EC682C5AB9DE008CA8AD /* Build configuration list for PBXNativeTarget "ExerciseB" */;
			buildPhases = (
				2DA1EC602C5AB9DE008CA8AD /* Sources */,
				2DA1EC612C5AB9DE008CA8AD /* Frameworks */,
				2DA1EC622C5AB9DE008CA8AD /* CopyFiles */,
			);
			buildRules = (
			);
			dependencies = (
			);
			name = ExerciseB;
			productName = ExerciseB;
			productReference = 2DA1EC642C5AB9DE008CA8AD /* ExerciseB */;
			productType = "com.apple.product-type.tool";
		};
		2DA1EC732C5C80C4008CA8AD /* ExerciseC */ = {
			isa = PBXNativeTarget;
			buildConfigurationList = 2DA1EC782C5C80C4008CA8AD /* Build configuration list for PBXNativeTarget "ExerciseC" */;
			buildPhases = (
				2DA1EC702C5C80C4008CA8AD /* Sources */,
				2DA1EC712C5C80C4008CA8AD /* Frameworks */,
				2DA1EC722C5C80C4008CA8AD /* CopyFiles */,
			);
			buildRules = (
			);
			dependencies = (
			);
			name = ExerciseC;
			productName = ExerciseC;
			productReference = 2DA1EC742C5C80C4008CA8AD /* ExerciseC */;
			productType = "com.apple.product-type.tool";
		};
/* End PBXNativeTarget section */

/* Begin PBXProject section */
		2D2BAE4C2C580D64005E9DAE /* Project object */ = {
			isa = PBXProject;
			attributes = {
				BuildIndependentTargetsInParallel = 1;
				LastUpgradeCheck = 1600;
				TargetAttributes = {
					2D2BAE532C580D64005E9DAE = {
						CreatedOnToolsVersion = 16.0;
					};
					2D2BAE612C580D8A005E9DAE = {
						CreatedOnToolsVersion = 16.0;
					};
					2DA1EC632C5AB9DE008CA8AD = {
						CreatedOnToolsVersion = 16.0;
					};
					2DA1EC732C5C80C4008CA8AD = {
						CreatedOnToolsVersion = 16.0;
					};
				};
			};
			buildConfigurationList = 2D2BAE4F2C580D64005E9DAE /* Build configuration list for PBXProject "ENSF-694Lab5" */;
			compatibilityVersion = "Xcode 15.0";
			developmentRegion = en;
			hasScannedForEncodings = 0;
			knownRegions = (
				en,
				Base,
			);
			mainGroup = 2D2BAE4B2C580D64005E9DAE;
			productRefGroup = 2D2BAE552C580D64005E9DAE /* Products */;
			projectDirPath = "";
			projectRoot = "";
			targets = (
				2D2BAE532C580D64005E9DAE /* ENSF-694Lab5 */,
				2D2BAE612C580D8A005E9DAE /* ExerciseA */,
				2DA1EC632C5AB9DE008CA8AD /* ExerciseB */,
				2DA1EC732C5C80C4008CA8AD /* ExerciseC */,
			);
		};
/* End PBXProject section */

/* Begin PBXSourcesBuildPhase section */
		2D2BAE502C580D64005E9DAE /* Sources */ = {
			isa = PBXSourcesBuildPhase;
			buildActionMask = 2147483647;
			files = (
			);
			runOnlyForDeploymentPostprocessing = 0;
		};
		2D2BAE5E2C580D8A005E9DAE /* Sources */ = {
			isa = PBXSourcesBuildPhase;
			buildActionMask = 2147483647;
			files = (
				2D2BAE722C580DF3005E9DAE /* Point.cpp in Sources */,
				2DA1EC5F2C586B6E008CA8AD /* HashTable.cpp in Sources */,
				2D2BAE732C580DF3005E9DAE /* Flight.cpp in Sources */,
				2D2BAE742C580DF3005E9DAE /* HashTable_tester.cpp in Sources */,
				2D2BAE752C580DF3005E9DAE /* List.cpp in Sources */,
			);
			runOnlyForDeploymentPostprocessing = 0;
		};
		2DA1EC602C5AB9DE008CA8AD /* Sources */ = {
			isa = PBXSourcesBuildPhase;
			buildActionMask = 2147483647;
			files = (
				2DA1EC6E2C5ABA25008CA8AD /* AVL_tree_tester.cpp in Sources */,
				2DA1EC6F2C5ABA25008CA8AD /* AVL_tree.cpp in Sources */,
			);
			runOnlyForDeploymentPostprocessing = 0;
		};
		2DA1EC702C5C80C4008CA8AD /* Sources */ = {
			isa = PBXSourcesBuildPhase;
			buildActionMask = 2147483647;
			files = (
				2DA1EC7F2C5C80F0008CA8AD /* graph.cpp in Sources */,
				2DA1EC802C5C80F0008CA8AD /* graph_tester.cpp in Sources */,
			);
			runOnlyForDeploymentPostprocessing = 0;
		};
/* End PBXSourcesBuildPhase section */

/* Begin XCBuildConfiguration section */
		2D2BAE592C580D64005E9DAE /* Debug */ = {
			isa = XCBuildConfiguration;
			buildSettings = {
				ALWAYS_SEARCH_USER_PATHS = NO;
				ASSETCATALOG_COMPILER_GENERATE_SWIFT_ASSET_SYMBOL_EXTENSIONS = YES;
				CLANG_ANALYZER_NONNULL = YES;
				CLANG_ANALYZER_NUMBER_OBJECT_CONVERSION = YES_AGGRESSIVE;
				CLANG_CXX_LANGUAGE_STANDARD = "gnu++20";
				CLANG_ENABLE_MODULES = YES;
				CLANG_ENABLE_OBJC_ARC = YES;
				CLANG_ENABLE_OBJC_WEAK = YES;
				CLANG_WARN_BLOCK_CAPTURE_AUTORELEASING = YES;
				CLANG_WARN_BOOL_CONVERSION = YES;
				CLANG_WARN_COMMA = YES;
				CLANG_WARN_CONSTANT_CONVERSION = YES;
				CLANG_WARN_DEPRECATED_OBJC_IMPLEMENTATIONS = YES;
				CLANG_WARN_DIRECT_OBJC_ISA_USAGE = YES_ERROR;
				CLANG_WARN_DOCUMENTATION_COMMENTS = YES;
				CLANG_WARN_EMPTY_BODY = YES;
				CLANG_WARN_ENUM_CONVERSION = YES;
				CLANG_WARN_INFINITE_RECURSION = YES;
				CLANG_WARN_INT_CONVERSION = YES;
				CLANG_WARN_NON_LITERAL_NULL_CONVERSION = YES;
				CLANG_WARN_OBJC_IMPLICIT_RETAIN_SELF = YES;
				CLANG_WARN_OBJC_LITERAL_CONVERSION = YES;
				CLANG_WARN_OBJC_ROOT_CLASS = YES_ERROR;
				CLANG_WARN_QUOTED_INCLUDE_IN_FRAMEWORK_HEADER = YES;
				CLANG_WARN_RANGE_LOOP_ANALYSIS = YES;
				CLANG_WARN_STRICT_PROTOTYPES = YES;
				CLANG_WARN_SUSPICIOUS_MOVE = YES;
				CLANG_WARN_UNGUARDED_AVAILABILITY = YES_AGGRESSIVE;
				CLANG_WARN_UNREACHABLE_CODE = YES;
				CLANG_WARN__DUPLICATE_METHOD_MATCH = YES;
				COPY_PHASE_STRIP = NO;
				DEBUG_INFORMATION_FORMAT = dwarf;
				ENABLE_STRICT_OBJC_MSGSEND = YES;
				ENABLE_TESTABILITY = YES;
				ENABLE_USER_SCRIPT_SANDBOXING = YES;
				GCC_C_LANGUAGE_STANDARD = gnu17;
				GCC_DYNAMIC_NO_PIC = NO;
				GCC_NO_COMMON_BLOCKS = YES;
				GCC_OPTIMIZATION_LEVEL = 0;
				GCC_PREPROCESSOR_DEFINITIONS = (
					"DEBUG=1",
					"$(inherited)",
				);
				GCC_WARN_64_TO_32_BIT_CONVERSION = YES;
				GCC_WARN_ABOUT_RETURN_TYPE = YES_ERROR;
				GCC_WARN_UNDECLARED_SELECTOR = YES;
				GCC_WARN_UNINITIALIZED_AUTOS = YES_AGGRESSIVE;
				GCC_WARN_UNUSED_FUNCTION = YES;
				GCC_WARN_UNUSED_VARIABLE = YES;
				LOCALIZATION_PREFERS_STRING_CATALOGS = YES;
				MACOSX_DEPLOYMENT_TARGET = 15.0;
				MTL_ENABLE_DEBUG_INFO = INCLUDE_SOURCE;
				MTL_FAST_MATH = YES;
				ONLY_ACTIVE_ARCH = YES;
				SDKROOT = macosx;
			};
			name = Debug;
		};
		2D2BAE5A2C580D64005E9DAE /* Release */ = {
			isa = XCBuildConfiguration;
			buildSettings = {
				ALWAYS_SEARCH_USER_PATHS = NO;
				ASSETCATALOG_COMPILER_GENERATE_SWIFT_ASSET_SYMBOL_EXTENSIONS = YES;
				CLANG_ANALYZER_NONNULL = YES;
				CLANG_ANALYZER_NUMBER_OBJECT_CONVERSION = YES_AGGRESSIVE;
				CLANG_CXX_LANGUAGE_STANDARD = "gnu++20";
				CLANG_ENABLE_MODULES = YES;
				CLANG_ENABLE_OBJC_ARC = YES;
				CLANG_ENABLE_OBJC_WEAK = YES;
				CLANG_WARN_BLOCK_CAPTURE_AUTORELEASING = YES;
				CLANG_WARN_BOOL_CONVERSION = YES;
				CLANG_WARN_COMMA = YES;
				CLANG_WARN_CONSTANT_CONVERSION = YES;
				CLANG_WARN_DEPRECATED_OBJC_IMPLEMENTATIONS = YES;
				CLANG_WARN_DIRECT_OBJC_ISA_USAGE = YES_ERROR;
				CLANG_WARN_DOCUMENTATION_COMMENTS = YES;
				CLANG_WARN_EMPTY_BODY = YES;
				CLANG_WARN_ENUM_CONVERSION = YES;
				CLANG_WARN_INFINITE_RECURSION = YES;
				CLANG_WARN_INT_CONVERSION = YES;
				CLANG_WARN_NON_LITERAL_NULL_CONVERSION = YES;
				CLANG_WARN_OBJC_IMPLICIT_RETAIN_SELF = YES;
				CLANG_WARN_OBJC_LITERAL_CONVERSION = YES;
				CLANG_WARN_OBJC_ROOT_CLASS = YES_ERROR;
				CLANG_WARN_QUOTED_INCLUDE_IN_FRAMEWORK_HEADER = YES;
				CLANG_WARN_RANGE_LOOP_ANALYSIS = YES;
				CLANG_WARN_STRICT_PROTOTYPES = YES;
				CLANG_WARN_SUSPICIOUS_MOVE = YES;
				CLANG_WARN_UNGUARDED_AVAILABILITY = YES_AGGRESSIVE;
				CLANG_WARN_UNREACHABLE_CODE = YES;
				CLANG_WARN__DUPLICATE_METHOD_MATCH = YES;
				COPY_PHASE_STRIP = NO;
				DEBUG_INFORMATION_FORMAT = "dwarf-with-dsym";
				ENABLE_NS_ASSERTIONS = NO;
				ENABLE_STRICT_OBJC_MSGSEND = YES;
				ENABLE_USER_SCRIPT_SANDBOXING = YES;
				GCC_C_LANGUAGE_STANDARD = gnu17;
				GCC_NO_COMMON_BLOCKS = YES;
				GCC_WARN_64_TO_32_BIT_CONVERSION = YES;
				GCC_WARN_ABOUT_RETURN_TYPE = YES_ERROR;
				GCC_WARN_UNDECLARED_SELECTOR = YES;
				GCC_WARN_UNINITIALIZED_AUTOS = YES_AGGRESSIVE;
				GCC_WARN_UNUSED_FUNCTION = YES;
				GCC_WARN_UNUSED_VARIABLE = YES;
				LOCALIZATION_PREFERS_STRING_CATALOGS = YES;
				MACOSX_DEPLOYMENT_TARGET = 15.0;
				MTL_ENABLE_DEBUG_INFO = NO;
				MTL_FAST_MATH = YES;
				SDKROOT = macosx;
			};
			name = Release;
		};
		2D2BAE5C2C580D64005E9DAE /* Debug */ = {
			isa = XCBuildConfiguration;
			buildSettings = {
				CODE_SIGN_STYLE = Automatic;
				DEVELOPMENT_TEAM = 7JZ4LMZQ3Z;
				ENABLE_HARDENED_RUNTIME = YES;
				PRODUCT_NAME = "$(TARGET_NAME)";
			};
			name = Debug;
		};
		2D2BAE5D2C580D64005E9DAE /* Release */ = {
			isa = XCBuildConfiguration;
			buildSettings = {
				CODE_SIGN_STYLE = Automatic;
				DEVELOPMENT_TEAM = 7JZ4LMZQ3Z;
				ENABLE_HARDENED_RUNTIME = YES;
				PRODUCT_NAME = "$(TARGET_NAME)";
			};
			name = Release;
		};
		2D2BAE672C580D8A005E9DAE /* Debug */ = {
			isa = XCBuildConfiguration;
			buildSettings = {
				CODE_SIGN_STYLE = Automatic;
				DEVELOPMENT_TEAM = 7JZ4LMZQ3Z;
				ENABLE_HARDENED_RUNTIME = YES;
				PRODUCT_NAME = "$(TARGET_NAME)";
			};
			name = Debug;
		};
		2D2BAE682C580D8A005E9DAE /* Release */ = {
			isa = XCBuildConfiguration;
			buildSettings = {
				CODE_SIGN_STYLE = Automatic;
				DEVELOPMENT_TEAM = 7JZ4LMZQ3Z;
				ENABLE_HARDENED_RUNTIME = YES;
				PRODUCT_NAME = "$(TARGET_NAME)";
			};
			name = Release;
		};
		2DA1EC692C5AB9DE008CA8AD /* Debug */ = {
			isa = XCBuildConfiguration;
			buildSettings = {
				CODE_SIGN_STYLE = Automatic;
				DEVELOPMENT_TEAM = 7JZ4LMZQ3Z;
				ENABLE_HARDENED_RUNTIME = YES;
				PRODUCT_NAME = "$(TARGET_NAME)";
			};
			name = Debug;
		};
		2DA1EC6A2C5AB9DE008CA8AD /* Release */ = {
			isa = XCBuildConfiguration;
			buildSettings = {
				CODE_SIGN_STYLE = Automatic;
				DEVELOPMENT_TEAM = 7JZ4LMZQ3Z;
				ENABLE_HARDENED_RUNTIME = YES;
				PRODUCT_NAME = "$(TARGET_NAME)";
			};
			name = Release;
		};
		2DA1EC792C5C80C4008CA8AD /* Debug */ = {
			isa = XCBuildConfiguration;
			buildSettings = {
				CODE_SIGN_STYLE = Automatic;
				DEVELOPMENT_TEAM = 7JZ4LMZQ3Z;
				ENABLE_HARDENED_RUNTIME = YES;
				PRODUCT_NAME = "$(TARGET_NAME)";
			};
			name = Debug;
		};
		2DA1EC7A2C5C80C4008CA8AD /* Release */ = {
			isa = XCBuildConfiguration;
			buildSettings = {
				CODE_SIGN_STYLE = Automatic;
				DEVELOPMENT_TEAM = 7JZ4LMZQ3Z;
				ENABLE_HARDENED_RUNTIME = YES;
				PRODUCT_NAME = "$(TARGET_NAME)";
			};
			name = Release;
		};
/* End XCBuildConfiguration section */

/* Begin XCConfigurationList section */
		2D2BAE4F2C580D64005E9DAE /* Build configuration list for PBXProject "ENSF-694Lab5" */ = {
			isa = XCConfigurationList;
			buildConfigurations = (
				2D2BAE592C580D64005E9DAE /* Debug */,
				2D2BAE5A2C580D64005E9DAE /* Release */,
			);
			defaultConfigurationIsVisible = 0;
			defaultConfigurationName = Release;
		};
		2D2BAE5B2C580D64005E9DAE /* Build configuration list for PBXNativeTarget "ENSF-694Lab5" */ = {
			isa = XCConfigurationList;
			buildConfigurations = (
				2D2BAE5C2C580D64005E9DAE /* Debug */,
				2D2BAE5D2C580D64005E9DAE /* Release */,
			);
			defaultConfigurationIsVisible = 0;
			defaultConfigurationName = Release;
		};
		2D2BAE662C580D8A005E9DAE /* Build configuration list for PBXNativeTarget "ExerciseA" */ = {
			isa = XCConfigurationList;
			buildConfigurations = (
				2D2BAE672C580D8A005E9DAE /* Debug */,
				2D2BAE682C580D8A005E9DAE /* Release */,
			);
			defaultConfigurationIsVisible = 0;
			defaultConfigurationName = Release;
		};
		2DA1EC682C5AB9DE008CA8AD /* Build configuration list for PBXNativeTarget "ExerciseB" */ = {
			isa = XCConfigurationList;
			buildConfigurations = (
				2DA1EC692C5AB9DE008CA8AD /* Debug */,
				2DA1EC6A2C5AB9DE008CA8AD /* Release */,
			);
			defaultConfigurationIsVisible = 0;
			defaultConfigurationName = Release;
		};
		2DA1EC782C5C80C4008CA8AD /* Build configuration list for PBXNativeTarget "ExerciseC" */ = {
			isa = XCConfigurationList;
			buildConfigurations = (
				2DA1EC792C5C80C4008CA8AD /* Debug */,
				2DA1EC7A2C5C80C4008CA8AD /* Release */,
			);
			defaultConfigurationIsVisible = 0;
			defaultConfigurationName = Release;
		};
/* End XCConfigurationList section */
	};
	rootObject = 2D2BAE4C2C580D64005E9DAE /* Project object */;
}
